github.com/yalue/onnxruntime_go v1.31.0 h1:1ln4YW1SFOFfGJZXe3jNOb2JUSt+l2pEneZfV8HdtFA=
github.com/yalue/onnxruntime_go v1.31.0/go.mod h1:b4X26A8pekNb1ACJ58wAXgNKeUCGEAQ9dmACut9Sm/4=
golang.org/x/image v0.44.0 h1:+tDekMZED9+LrtB3G5xzRggpVh9CARjZqROla3R3R+I=
golang.org/x/image v0.44.0/go.mod h1:V8K3KE9KKKE+pLpQDOeN18w9oacNSvy1tDOirTu4xtY=
